{
  "version": 4,
  "terraform_version": "1.9.5",
  "serial": 8,
  "lineage": "6a16d5c2-8e6d-9d8e-7f6c-c9c2eb87751c",
  "outputs": {
    "build_info": {
      "value": {
        "build_id": "local-test",
        "created_at": "2026-03-05T05:55:46Z",
        "environment": "staging",
        "flavor_name": "8C16G200G",
        "image_name": "ceos-arrch",
        "region": "RegionOne"
      },
      "type": [
        "object",
        {
          "build_id": "string",
          "created_at": "string",
          "environment": "string",
          "flavor_name": "string",
          "image_name": "string",
          "region": "string"
        }
      ]
    },
    "instance_id": {
      "value": "334a9055-0594-4aaf-ab16-90e8c6e6463d",
      "type": "string"
    },
    "instance_ip": {
      "value": "10.9.9.99",
      "type": "string"
    },
    "instance_name": {
      "value": "sre-demo-local-test",
      "type": "string"
    },
    "internal_health_check": {
      "value": "http://10.9.9.99/health",
      "type": "string"
    },
    "internal_node_exporter": {
      "value": "http://10.9.9.99:9100/metrics",
      "type": "string"
    },
    "security_group_id": {
      "value": "bce9fe51-e896-49fd-8172-b8e10b6885d1",
      "type": "string"
    },
    "security_group_name": {
      "value": "sre-demo-sg-local-test",
      "type": "string"
    },
    "ssh_command": {
      "value": "ssh -i sre-demo-key.pem ubuntu@10.9.9.99",
      "type": "string"
    }
  },
  "resources": [
    {
      "mode": "managed",
      "type": "openstack_compute_instance_v2",
      "name": "sre_vm",
      "provider": "provider[\"registry.terraform.io/terraform-provider-openstack/openstack\"]",
      "instances": [
        {
          "schema_version": 0,
          "attributes": {
            "access_ip_v4": "10.9.9.99",
            "access_ip_v6": "",
            "admin_pass": null,
            "all_metadata": {},
            "all_tags": [
              "build-local-test",
              "created-2026-03-05",
              "environment-staging",
              "sre-demo"
            ],
            "availability_zone": "nova",
            "availability_zone_hints": null,
            "block_device": [],
            "config_drive": null,
            "created": "2026-03-05 05:46:36 +0000 UTC",
            "flavor_id": "50797e1f-16c9-4088-a479-e26c10dc0e48",
            "flavor_name": "8C16G200G",
            "force_delete": false,
            "id": "334a9055-0594-4aaf-ab16-90e8c6e6463d",
            "image_id": "f5c3a4d6-bea7-4510-8bc7-abe08803ed2c",
            "image_name": "ceos-arrch",
            "key_pair": "sre-demo-key",
            "metadata": null,
            "name": "sre-demo-local-test",
            "network": [
              {
                "access_network": false,
                "fixed_ip_v4": "10.9.9.99",
                "fixed_ip_v6": "",
                "mac": "fa:16:3e:0c:91:d1",
                "name": "network2",
                "port": "",
                "uuid": "1e2dd3a0-b93b-4c5a-afe8-9a4e5e2fcbe0"
              }
            ],
            "network_mode": null,
            "personality": [],
            "power_state": "active",
            "region": "RegionOne",
            "scheduler_hints": [],
            "security_groups": [
              "sre-demo-sg-local-test"
            ],
            "stop_before_destroy": false,
            "tags": [
              "build-local-test",
              "created-2026-03-05",
              "environment-staging",
              "sre-demo"
            ],
            "timeouts": null,
            "updated": "2026-03-05 05:48:13 +0000 UTC",
            "user_data": "5c8c58a58b426c71febbf84ed20c738f7ccd7465",
            "vendor_options": []
          },
          "sensitive_attributes": [
            [
              {
                "type": "get_attr",
                "value": "admin_pass"
              }
            ]
          ],
          "private": "eyJlMmJmYjczMC1lY2FhLTExZTYtOGY4OC0zNDM2M2JjN2M0YzAiOnsiY3JlYXRlIjoxODAwMDAwMDAwMDAwLCJkZWxldGUiOjE4MDAwMDAwMDAwMDAsInVwZGF0ZSI6MTgwMDAwMDAwMDAwMH19",
          "dependencies": [
            "openstack_compute_secgroup_v2.sre_secgroup"
          ]
        }
      ]
    },
    {
      "mode": "managed",
      "type": "openstack_compute_secgroup_v2",
      "name": "sre_secgroup",
      "provider": "provider[\"registry.terraform.io/terraform-provider-openstack/openstack\"]",
      "instances": [
        {
          "schema_version": 0,
          "attributes": {
            "description": "Security group for SRE demo VM",
            "id": "bce9fe51-e896-49fd-8172-b8e10b6885d1",
            "name": "sre-demo-sg-local-test",
            "region": "RegionOne",
            "rule": [
              {
                "cidr": "0.0.0.0/0",
                "from_group_id": "",
                "from_port": -1,
                "id": "ba88b746-5d93-4415-92ac-c30c2c49e4f7",
                "ip_protocol": "icmp",
                "self": false,
                "to_port": -1
              },
              {
                "cidr": "0.0.0.0/0",
                "from_group_id": "",
                "from_port": 22,
                "id": "e3b8c03c-ade2-4489-ac26-ece920c7a185",
                "ip_protocol": "tcp",
                "self": false,
                "to_port": 22
              },
              {
                "cidr": "0.0.0.0/0",
                "from_group_id": "",
                "from_port": 443,
                "id": "e336cb6d-3cd7-4d4d-83cc-d1ef5d1f714c",
                "ip_protocol": "tcp",
                "self": false,
                "to_port": 443
              },
              {
                "cidr": "0.0.0.0/0",
                "from_group_id": "",
                "from_port": 80,
                "id": "eeec7f44-59c1-4ecb-a786-b63c9ea4556b",
                "ip_protocol": "tcp",
                "self": false,
                "to_port": 80
              },
              {
                "cidr": "0.0.0.0/0",
                "from_group_id": "",
                "from_port": 9100,
                "id": "67241197-581b-4ab5-abda-2b824c87471d",
                "ip_protocol": "tcp",
                "self": false,
                "to_port": 9100
              }
            ],
            "timeouts": null
          },
          "sensitive_attributes": [],
          "private": "eyJlMmJmYjczMC1lY2FhLTExZTYtOGY4OC0zNDM2M2JjN2M0YzAiOnsiZGVsZXRlIjo2MDAwMDAwMDAwMDB9fQ=="
        }
      ]
    }
  ],
  "check_results": [
    {
      "object_kind": "var",
      "config_addr": "var.instance_count",
      "status": "unknown",
      "objects": [
        {
          "object_addr": "var.instance_count",
          "status": "unknown"
        }
      ]
    }
  ]
}
